
Microsoft Visual Studio Solution File, Format Version 12.00
# Visual Studio Version 17
VisualStudioVersion = 17.5.33424.131
MinimumVisualStudioVersion = 10.0.40219.1
Project("{FAE04EC0-301F-11D3-BF4B-00C04F79EFBC}") = "Forms", "Forms\Forms.csproj", "{D7C671C7-7E17-4345-AEB5-2F8375DB366E}"
EndProject
Global
	GlobalSection(SolutionConfigurationPlatforms) = preSolution
		Debug|Any CPU = Debug|Any CPU
		Release|Any CPU = Release|Any CPU
	EndGlobalSection
	GlobalSection(ProjectConfigurationPlatforms) = postSolution
		{D7C671C7-7E17-4345-AEB5-2F8375DB366E}.Debug|Any CPU.ActiveCfg = Debug|Any CPU
		{D7C671C7-7E17-4345-AEB5-2F8375DB366E}.Debug|Any CPU.Build.0 = Debug|Any CPU
		{D7C671C7-7E17-4345-AEB5-2F8375DB366E}.Release|Any CPU.ActiveCfg = Release|Any CPU
		{D7C671C7-7E17-4345-AEB5-2F8375DB366E}.Release|Any CPU.Build.0 = Release|Any CPU
	EndGlobalSection
	GlobalSection(SolutionProperties) = preSolution
		HideSolutionNode = FALSE
	EndGlobalSection
	GlobalSection(ExtensibilityGlobals) = postSolution
		SolutionGuid = {9302D6A0-05AF-4CE1-936F-88CC7CE374E6}
	EndGlobalSection
EndGlobal
