
Microsoft Visual Studio Solution File, Format Version 12.00
# Visual Studio Version 17
VisualStudioVersion = 17.5.33424.131
MinimumVisualStudioVersion = 10.0.40219.1
Project("{FAE04EC0-301F-11D3-BF4B-00C04F79EFBC}") = "Sah", "Sah\Sah.csproj", "{08733023-978B-4265-9177-07A28B27EC69}"
EndProject
Global
	GlobalSection(SolutionConfigurationPlatforms) = preSolution
		Debug|Any CPU = Debug|Any CPU
		Release|Any CPU = Release|Any CPU
	EndGlobalSection
	GlobalSection(ProjectConfigurationPlatforms) = postSolution
		{08733023-978B-4265-9177-07A28B27EC69}.Debug|Any CPU.ActiveCfg = Debug|Any CPU
		{08733023-978B-4265-9177-07A28B27EC69}.Debug|Any CPU.Build.0 = Debug|Any CPU
		{08733023-978B-4265-9177-07A28B27EC69}.Release|Any CPU.ActiveCfg = Release|Any CPU
		{08733023-978B-4265-9177-07A28B27EC69}.Release|Any CPU.Build.0 = Release|Any CPU
	EndGlobalSection
	GlobalSection(SolutionProperties) = preSolution
		HideSolutionNode = FALSE
	EndGlobalSection
	GlobalSection(ExtensibilityGlobals) = postSolution
		SolutionGuid = {2E77B5E6-1581-4FFC-84FD-C4302191078B}
	EndGlobalSection
EndGlobal
