
Microsoft Visual Studio Solution File, Format Version 12.00
# Visual Studio Version 17
VisualStudioVersion = 17.8.34511.84
MinimumVisualStudioVersion = 10.0.40219.1
Project("{FAE04EC0-301F-11D3-BF4B-00C04F79EFBC}") = "SudokulicaDzons", "SudokulicaDzons\SudokulicaDzons.csproj", "{FEBE56F0-5806-4013-A259-FBE486CC896F}"
EndProject
Global
	GlobalSection(SolutionConfigurationPlatforms) = preSolution
		Debug|Any CPU = Debug|Any CPU
		Release|Any CPU = Release|Any CPU
	EndGlobalSection
	GlobalSection(ProjectConfigurationPlatforms) = postSolution
		{FEBE56F0-5806-4013-A259-FBE486CC896F}.Debug|Any CPU.ActiveCfg = Debug|Any CPU
		{FEBE56F0-5806-4013-A259-FBE486CC896F}.Debug|Any CPU.Build.0 = Debug|Any CPU
		{FEBE56F0-5806-4013-A259-FBE486CC896F}.Release|Any CPU.ActiveCfg = Release|Any CPU
		{FEBE56F0-5806-4013-A259-FBE486CC896F}.Release|Any CPU.Build.0 = Release|Any CPU
	EndGlobalSection
	GlobalSection(SolutionProperties) = preSolution
		HideSolutionNode = FALSE
	EndGlobalSection
	GlobalSection(ExtensibilityGlobals) = postSolution
		SolutionGuid = {7C8F5420-AE04-4691-A347-2C8C9ACC0417}
	EndGlobalSection
EndGlobal
