
Microsoft Visual Studio Solution File, Format Version 12.00
# Visual Studio Version 17
VisualStudioVersion = 17.5.33424.131
MinimumVisualStudioVersion = 10.0.40219.1
Project("{FAE04EC0-301F-11D3-BF4B-00C04F79EFBC}") = "IksOks", "IksOks\IksOks.csproj", "{1BCB101E-0536-4C2D-8125-A5102C9E686C}"
EndProject
Global
	GlobalSection(SolutionConfigurationPlatforms) = preSolution
		Debug|Any CPU = Debug|Any CPU
		Release|Any CPU = Release|Any CPU
	EndGlobalSection
	GlobalSection(ProjectConfigurationPlatforms) = postSolution
		{1BCB101E-0536-4C2D-8125-A5102C9E686C}.Debug|Any CPU.ActiveCfg = Debug|Any CPU
		{1BCB101E-0536-4C2D-8125-A5102C9E686C}.Debug|Any CPU.Build.0 = Debug|Any CPU
		{1BCB101E-0536-4C2D-8125-A5102C9E686C}.Release|Any CPU.ActiveCfg = Release|Any CPU
		{1BCB101E-0536-4C2D-8125-A5102C9E686C}.Release|Any CPU.Build.0 = Release|Any CPU
	EndGlobalSection
	GlobalSection(SolutionProperties) = preSolution
		HideSolutionNode = FALSE
	EndGlobalSection
	GlobalSection(ExtensibilityGlobals) = postSolution
		SolutionGuid = {019E43CB-7EE2-46A4-BF33-D8388C57A49D}
	EndGlobalSection
EndGlobal
